github.com/bits-and-blooms/bitset v1.20.0 h1:2F+rfL86jE2d/bmw7OhqUg2Sj/1rURkBn3MdfoPyRVU=
github.com/bits-and-blooms/bitset v1.20.0/go.mod h1:7hO7Gc7Pp1vODcmWvKMRA9BNmbv6a/7QIWpPxHddWR8=
github.com/cloudflare/circl v1.6.1 h1:zqIqSPIndyBh1bjLVVDHMPpVKqp8Su/V+6MeDzzQBQ0=
github.com/cloudflare/circl v1.6.1/go.mod h1:uddAzsPgqdMAYatqJ0lsjX1oECcQLIlRpzZh3pJrofs=
github.com/consensys/gnark-crypto v0.19.0 h1:zXCqeY2txSaMl6G5wFpZzMWJU9HPNh8qxPnYJ1BL9vA=
github.com/consensys/gnark-crypto v0.19.0/go.mod h1:rT23F0XSZqE0mUA0+pRtnL56IbPxs6gp4CeRsBk4XS0=
github.com/ethereum/go-ethereum v1.16.2 h1:VDHqj86DaQiMpnMgc7l0rwZTg0FRmlz74yupSG5SnzI=
github.com/ethereum/go-ethereum v1.16.2/go.mod h1:X5CIOyo8SuK1Q5GnaEizQVLHT/DfsiGWuNeVdQcEMNA=
github.com/zkcrypto/bls12_381 v0.0.0-20250416222522-6bb96951d5c2 h1:O/Oo/RjRa/EmM7Cn+r74vVREbhUaywDJqtDxRHzBG84=
github.com/zkcrypto/bls12_381 v0.0.0-20250416222522-6bb96951d5c2/go.mod h1:mWK9OvYxApM3lhgfqMxrTDDyChZY1JQFy6pP5k2J9wg=
golang.org/x/sys v0.35.0 h1:vz1N37gP5bs89s7He8XuIYXpyY0+QlsKmzipCbUtyxI=
golang.org/x/sys v0.35.0/go.mod h1:BJP2sWEmIv4KK5OTEluFJCKSidICx8ciO85XgH3Ak8k=
